# THIS IS AN AUTOGENERATED FILE. DO NOT EDIT THIS FILE DIRECTLY.
# yarn lockfile v1


"@adraffy/ens-normalize@1.10.1":
  version "1.10.1"
  resolved "https://registry.yarnpkg.com/@adraffy/ens-normalize/-/ens-normalize-1.10.1.tgz#63430d04bd8c5e74f8d7d049338f1cd9d4f02069"
  integrity sha512-96Z2IP3mYmF1Xg2cDm8f1gWGf/HUVedQ3FMifV4kG/PQ4yEP51xDtRAEfhVNt5f/uzpNkZHwWQuUcu6D6K+Ekw==

"@ethersproject/bignumber@^5.5.0", "@ethersproject/bignumber@^5.7.0":
  version "5.7.0"
  resolved "https://registry.yarnpkg.com/@ethersproject/bignumber/-/bignumber-5.7.0.tgz#e2f03837f268ba655ffba03a57853e18a18dc9c2"
  integrity sha512-n1CAdIHRWjSucQO3MC1zPSVgV/6dy/fjL9pMrPP9peL+QxEg9wOsVqwD4+818B6LUEtaXzVHQiuivzRoxPxUGw==
  dependencies:
    "@ethersproject/bytes" "^5.7.0"
    "@ethersproject/logger" "^5.7.0"
    bn.js "^5.2.1"

"@ethersproject/bytes@^5.7.0":
  version "5.7.0"
  resolved "https://registry.yarnpkg.com/@ethersproject/bytes/-/bytes-5.7.0.tgz#a00f6ea8d7e7534d6d87f47188af1148d71f155d"
  integrity sha512-nsbxwgFXWh9NyYWo+U8atvmMsSdKJprTcICAkvbBffT75qDocbuggBU0SJiVK2MuTrp0q+xvLkTnGMPK1+uA9A==
  dependencies:
    "@ethersproject/logger" "^5.7.0"

"@ethersproject/constants@^5.7.0":
  version "5.7.0"
  resolved "https://registry.yarnpkg.com/@ethersproject/constants/-/constants-5.7.0.tgz#df80a9705a7e08984161f09014ea012d1c75295e"
  integrity sha512-DHI+y5dBNvkpYUMiRQyxRBYBefZkJfo70VUkUAsRjcPs47muV9evftfZ0PJVCXYbAiCgght0DtcF9srFQmIgWA==
  dependencies:
    "@ethersproject/bignumber" "^5.7.0"

"@ethersproject/keccak256@^5.7.0":
  version "5.7.0"
  resolved "https://registry.yarnpkg.com/@ethersproject/keccak256/-/keccak256-5.7.0.tgz#3186350c6e1cd6aba7940384ec7d6d9db01f335a"
  integrity sha512-2UcPboeL/iW+pSg6vZ6ydF8tCnv3Iu/8tUmLLzWWGzxWKFFqOBQFLo6uLUv6BDrLgCDfN28RJ/wtByx+jZ4KBg==
  dependencies:
    "@ethersproject/bytes" "^5.7.0"
    js-sha3 "0.8.0"

"@ethersproject/logger@^5.7.0":
  version "5.7.0"
  resolved "https://registry.yarnpkg.com/@ethersproject/logger/-/logger-5.7.0.tgz#6ce9ae168e74fecf287be17062b590852c311892"
  integrity sha512-0odtFdXu/XHtjQXJYA3u9G0G8btm0ND5Cu8M7i5vhEcE8/HmF4Lbdqanwyv4uQTr2tx6b7fQRmgLrsnpQlmnig==

"@ethersproject/random@^5.5.1":
  version "5.7.0"
  resolved "https://registry.yarnpkg.com/@ethersproject/random/-/random-5.7.0.tgz#af19dcbc2484aae078bb03656ec05df66253280c"
  integrity sha512-19WjScqRA8IIeWclFme75VMXSBvi4e6InrUNuaR4s5pTF2qNhcGdCUwdxUVGtDDqC00sDLCO93jPQoDUH4HVmQ==
  dependencies:
    "@ethersproject/bytes" "^5.7.0"
    "@ethersproject/logger" "^5.7.0"

"@ethersproject/strings@^5.5.0", "@ethersproject/strings@^5.6.1":
  version "5.7.0"
  resolved "https://registry.yarnpkg.com/@ethersproject/strings/-/strings-5.7.0.tgz#54c9d2a7c57ae8f1205c88a9d3a56471e14d5ed2"
  integrity sha512-/9nu+lj0YswRNSH0NXYqrh8775XNyEdUQAuf3f+SmOrnVewcJ5SBNAjF7lpgehKi4abvNNXyf+HX86czCdJ8Mg==
  dependencies:
    "@ethersproject/bytes" "^5.7.0"
    "@ethersproject/constants" "^5.7.0"
    "@ethersproject/logger" "^5.7.0"

"@next/env@14.1.0":
  version "14.1.0"
  resolved "https://registry.yarnpkg.com/@next/env/-/env-14.1.0.tgz#43d92ebb53bc0ae43dcc64fb4d418f8f17d7a341"
  integrity sha512-Py8zIo+02ht82brwwhTg36iogzFqGLPXlRGKQw5s+qP/kMNc4MAyDeEwBKDijk6zTIbegEgu8Qy7C1LboslQAw==

"@next/swc-darwin-arm64@14.1.0":
  version "14.1.0"
  resolved "https://registry.yarnpkg.com/@next/swc-darwin-arm64/-/swc-darwin-arm64-14.1.0.tgz#70a57c87ab1ae5aa963a3ba0f4e59e18f4ecea39"
  integrity sha512-nUDn7TOGcIeyQni6lZHfzNoo9S0euXnu0jhsbMOmMJUBfgsnESdjN97kM7cBqQxZa8L/bM9om/S5/1dzCrW6wQ==

"@next/swc-darwin-x64@14.1.0":
  version "14.1.0"
  resolved "https://registry.yarnpkg.com/@next/swc-darwin-x64/-/swc-darwin-x64-14.1.0.tgz#0863a22feae1540e83c249384b539069fef054e9"
  integrity sha512-1jgudN5haWxiAl3O1ljUS2GfupPmcftu2RYJqZiMJmmbBT5M1XDffjUtRUzP4W3cBHsrvkfOFdQ71hAreNQP6g==

"@next/swc-linux-arm64-gnu@14.1.0":
  version "14.1.0"
  resolved "https://registry.yarnpkg.com/@next/swc-linux-arm64-gnu/-/swc-linux-arm64-gnu-14.1.0.tgz#893da533d3fce4aec7116fe772d4f9b95232423c"
  integrity sha512-RHo7Tcj+jllXUbK7xk2NyIDod3YcCPDZxj1WLIYxd709BQ7WuRYl3OWUNG+WUfqeQBds6kvZYlc42NJJTNi4tQ==

"@next/swc-linux-arm64-musl@14.1.0":
  version "14.1.0"
  resolved "https://registry.yarnpkg.com/@next/swc-linux-arm64-musl/-/swc-linux-arm64-musl-14.1.0.tgz#d81ddcf95916310b8b0e4ad32b637406564244c0"
  integrity sha512-v6kP8sHYxjO8RwHmWMJSq7VZP2nYCkRVQ0qolh2l6xroe9QjbgV8siTbduED4u0hlk0+tjS6/Tuy4n5XCp+l6g==

"@next/swc-linux-x64-gnu@14.1.0":
  version "14.1.0"
  resolved "https://registry.yarnpkg.com/@next/swc-linux-x64-gnu/-/swc-linux-x64-gnu-14.1.0.tgz#18967f100ec19938354332dcb0268393cbacf581"
  integrity sha512-zJ2pnoFYB1F4vmEVlb/eSe+VH679zT1VdXlZKX+pE66grOgjmKJHKacf82g/sWE4MQ4Rk2FMBCRnX+l6/TVYzQ==

"@next/swc-linux-x64-musl@14.1.0":
  version "14.1.0"
  resolved "https://registry.yarnpkg.com/@next/swc-linux-x64-musl/-/swc-linux-x64-musl-14.1.0.tgz#77077cd4ba8dda8f349dc7ceb6230e68ee3293cf"
  integrity sha512-rbaIYFt2X9YZBSbH/CwGAjbBG2/MrACCVu2X0+kSykHzHnYH5FjHxwXLkcoJ10cX0aWCEynpu+rP76x0914atg==

"@next/swc-win32-arm64-msvc@14.1.0":
  version "14.1.0"
  resolved "https://registry.yarnpkg.com/@next/swc-win32-arm64-msvc/-/swc-win32-arm64-msvc-14.1.0.tgz#5f0b8cf955644104621e6d7cc923cad3a4c5365a"
  integrity sha512-o1N5TsYc8f/HpGt39OUQpQ9AKIGApd3QLueu7hXk//2xq5Z9OxmV6sQfNp8C7qYmiOlHYODOGqNNa0e9jvchGQ==

"@next/swc-win32-ia32-msvc@14.1.0":
  version "14.1.0"
  resolved "https://registry.yarnpkg.com/@next/swc-win32-ia32-msvc/-/swc-win32-ia32-msvc-14.1.0.tgz#21f4de1293ac5e5a168a412b139db5d3420a89d0"
  integrity sha512-XXIuB1DBRCFwNO6EEzCTMHT5pauwaSj4SWs7CYnME57eaReAKBXCnkUE80p/pAZcewm7hs+vGvNqDPacEXHVkw==

"@next/swc-win32-x64-msvc@14.1.0":
  version "14.1.0"
  resolved "https://registry.yarnpkg.com/@next/swc-win32-x64-msvc/-/swc-win32-x64-msvc-14.1.0.tgz#e561fb330466d41807123d932b365cf3d33ceba2"
  integrity sha512-9WEbVRRAqJ3YFVqEZIxUqkiO8l1nool1LmNxygr5HWF8AcSYsEpneUDhmjUVJEzO2A04+oPtZdombzzPPkTtgg==

"@noble/curves@1.2.0":
  version "1.2.0"
  resolved "https://registry.yarnpkg.com/@noble/curves/-/curves-1.2.0.tgz#92d7e12e4e49b23105a2555c6984d41733d65c35"
  integrity sha512-oYclrNgRaM9SsBUBVbb8M6DTV7ZHRTKugureoYEncY5c65HOmRzvSiTE3y5CYaPYJA/GVkrhXEoF0M3Ya9PMnw==
  dependencies:
    "@noble/hashes" "1.3.2"

"@noble/hashes@1.3.2":
  version "1.3.2"
  resolved "https://registry.yarnpkg.com/@noble/hashes/-/hashes-1.3.2.tgz#6f26dbc8fbc7205873ce3cee2f690eba0d421b39"
  integrity sha512-MVC8EAQp7MvEcm30KWENFjgR+Mkmf+D189XJTkFIlwohU5hcBbn1ZkKq7KVTi2Hme3PMGF390DaL52beVrIihQ==

"@semaphore-protocol/group@^3":
  version "3.15.2"
  resolved "https://registry.yarnpkg.com/@semaphore-protocol/group/-/group-3.15.2.tgz#31d24b302982fd51760548cdfc0a7df6e3523a75"
  integrity sha512-amDjSRattdViYUOZs40+4quKm+C1/F1fvyOvng9QGW2kkc138vombltyL4ix0mGSSPuqy/7ToH6wrfGivIfJFw==
  dependencies:
    "@ethersproject/bignumber" "^5.7.0"
    "@ethersproject/bytes" "^5.7.0"
    "@ethersproject/keccak256" "^5.7.0"
    "@zk-kit/incremental-merkle-tree" "1.1.0"

"@semaphore-protocol/identity@^3":
  version "3.15.2"
  resolved "https://registry.yarnpkg.com/@semaphore-protocol/identity/-/identity-3.15.2.tgz#8c5e75c01c25d1dcabfefe89fbe8aefe5dd21922"
  integrity sha512-MJ1MO5QL+oX+OFK2rHAPjQ6+kKgGxCsVJLNdn1soRawxbrxH9A6tV9AsVHV0DN4saegQ4qaOOy1XO1PAN6PiQA==
  dependencies:
    "@ethersproject/bignumber" "^5.5.0"
    "@ethersproject/keccak256" "^5.7.0"
    "@ethersproject/random" "^5.5.1"
    "@ethersproject/strings" "^5.6.1"
    js-sha512 "^0.8.0"

"@semaphore-protocol/proof@^3":
  version "3.15.2"
  resolved "https://registry.yarnpkg.com/@semaphore-protocol/proof/-/proof-3.15.2.tgz#729b327b1ae358b00f805886d4b521066bfba97e"
  integrity sha512-b0PuqYk9au/qRUmmRtAWE6MmkC/LY/vIt1dAUIKB0IzIPnzJ4QwXTNAWJoP3LXduhzaFJmNvLOj4ViB9GDh8+w==
  dependencies:
    "@ethersproject/bignumber" "^5.5.0"
    "@ethersproject/bytes" "^5.7.0"
    "@ethersproject/keccak256" "^5.7.0"
    "@ethersproject/strings" "^5.5.0"
    "@zk-kit/groth16" "0.3.0"
    "@zk-kit/incremental-merkle-tree" "0.4.3"

"@swc/helpers@0.5.2":
  version "0.5.2"
  resolved "https://registry.yarnpkg.com/@swc/helpers/-/helpers-0.5.2.tgz#85ea0c76450b61ad7d10a37050289eded783c27d"
  integrity sha512-E4KcWTpoLHqwPHLxidpOqQbcrZVgi0rsmmZXUle1jXmJfuIf/UWpczUJ7MZZ5tlxytgJXyp0w4PGkkeLiuIdZw==
  dependencies:
    tslib "^2.4.0"

"@types/node@18.15.13":
  version "18.15.13"
  resolved "https://registry.yarnpkg.com/@types/node/-/node-18.15.13.tgz#f64277c341150c979e42b00e4ac289290c9df469"
  integrity sha512-N+0kuo9KgrUQ1Sn/ifDXsvg0TTleP7rIy4zOBGECxAljqvqfqpTfzx0Q1NUedOixRMBfe2Whhb056a42cWs26Q==

"@zk-kit/groth16@0.3.0":
  version "0.3.0"
  resolved "https://registry.yarnpkg.com/@zk-kit/groth16/-/groth16-0.3.0.tgz#74240beb26e98e4ea3546159108ca968ed7c019b"
  integrity sha512-rvTrzMcpxFy0lkiIveI5HHovVbyBQ+eDuh/RGAb0SHkzIxJ8kiPjSXvRXUmEdq278ZdhHvrCZSz5J53oIBuoFw==
  dependencies:
    circom_runtime "0.1.24"
    ffjavascript "0.2.60"

"@zk-kit/incremental-merkle-tree@0.4.3":
  version "0.4.3"
  resolved "https://registry.yarnpkg.com/@zk-kit/incremental-merkle-tree/-/incremental-merkle-tree-0.4.3.tgz#197f72102d35dd9c546a6a432896d6d6f6de05f4"
  integrity sha512-2qHfrJXtPx8/UmF0wFAUr4VqCLr3J/P859fk/e3fwKLUnf3baeIUAO6inY4wrh0NGy4bzpKUWYjDph0yTbPz6A==

"@zk-kit/incremental-merkle-tree@1.1.0":
  version "1.1.0"
  resolved "https://registry.yarnpkg.com/@zk-kit/incremental-merkle-tree/-/incremental-merkle-tree-1.1.0.tgz#6b0ccce56f9e05ccf73f7ea4fa746d5ef7d24b1d"
  integrity sha512-WnNR/GQse3lX8zOHMU8zwhgX8u3qPoul8w4GjJ0WDHq+VGJimo7EGheRZ/ILeBQabnlzAerdv3vBqYBehBeoKA==

aes-js@4.0.0-beta.5:
  version "4.0.0-beta.5"
  resolved "https://registry.yarnpkg.com/aes-js/-/aes-js-4.0.0-beta.5.tgz#8d2452c52adedebc3a3e28465d858c11ca315873"
  integrity sha512-G965FqalsNyrPqgEGON7nIx1e/OVENSgiEIzyC63haUMuvNnwIgIjMs52hlTCKhkBny7A2ORNlfY9Zu+jmGk1Q==

bn.js@^5.2.1:
  version "5.2.1"
  resolved "https://registry.yarnpkg.com/bn.js/-/bn.js-5.2.1.tgz#0bc527a6a0d18d0aa8d5b0538ce4a77dccfa7b70"
  integrity sha512-eXRvHzWyYPBuB4NBy0cmYQjGitUrtqwbvlzP3G6VFnNRbsZQIxQ10PbKKHt8gZ/HW/D/747aDl+QkDqg3KQLMQ==

busboy@1.6.0:
  version "1.6.0"
  resolved "https://registry.yarnpkg.com/busboy/-/busboy-1.6.0.tgz#966ea36a9502e43cdb9146962523b92f531f6893"
  integrity sha512-8SFQbg/0hQ9xy3UNTB0YEnsNBbWfhf7RtnzpL7TkBiTBRfrQ9Fxcnz7VJsleJpyp6rVLvXiuORqjlHi5q+PYuA==
  dependencies:
    streamsearch "^1.1.0"

caniuse-lite@^1.0.30001579:
  version "1.0.30001584"
  resolved "https://registry.yarnpkg.com/caniuse-lite/-/caniuse-lite-1.0.30001584.tgz#5e3ea0625d048d5467670051687655b1f7bf7dfd"
  integrity sha512-LOz7CCQ9M1G7OjJOF9/mzmqmj3jE/7VOmrfw6Mgs0E8cjOsbRXQJHsPBfmBOXDskXKrHLyyW3n7kpDW/4BsfpQ==

circom_runtime@0.1.24:
  version "0.1.24"
  resolved "https://registry.yarnpkg.com/circom_runtime/-/circom_runtime-0.1.24.tgz#60ca8a31c3675802fbab5a0bcdeb02556e510733"
  integrity sha512-H7/7I2J/cBmRnZm9docOCGhfxzS61BEm4TMCWcrZGsWNBQhePNfQq88Oj2XpUfzmBTCd8pRvRb3Mvazt3TMrJw==
  dependencies:
    ffjavascript "0.2.60"

client-only@0.0.1:
  version "0.0.1"
  resolved "https://registry.yarnpkg.com/client-only/-/client-only-0.0.1.tgz#38bba5d403c41ab150bff64a95c85013cf73bca1"
  integrity sha512-IV3Ou0jSMzZrd3pZ48nLkT9DA7Ag1pnPzaiQhpW7c3RbcqqzvzzVu+L8gfqMp/8IM2MQtSiqaCxrrcfu8I8rMA==

dotenv@^16.4.1:
  version "16.4.1"
  resolved "https://registry.yarnpkg.com/dotenv/-/dotenv-16.4.1.tgz#1d9931f1d3e5d2959350d1250efab299561f7f11"
  integrity sha512-CjA3y+Dr3FyFDOAMnxZEGtnW9KBR2M0JvvUtXNW+dYJL5ROWxP9DUHCwgFqpMk0OXCc0ljhaNTr2w/kutYIcHQ==

ethers@^6.10.0:
  version "6.11.0"
  resolved "https://registry.yarnpkg.com/ethers/-/ethers-6.11.0.tgz#6d3e884ad36454c29d4662ae49439d5d04556c66"
  integrity sha512-kPHNTnhVWiWU6AVo6CAeTjXEK24SpCXyZvwG9ROFjT0Vlux0EOhWKBAeC+45iDj80QNJTYaT1SDEmeunT0vDNw==
  dependencies:
    "@adraffy/ens-normalize" "1.10.1"
    "@noble/curves" "1.2.0"
    "@noble/hashes" "1.3.2"
    "@types/node" "18.15.13"
    aes-js "4.0.0-beta.5"
    tslib "2.4.0"
    ws "8.5.0"

ffjavascript@0.2.60:
  version "0.2.60"
  resolved "https://registry.yarnpkg.com/ffjavascript/-/ffjavascript-0.2.60.tgz#4d8ae613d6bf4e98b3cc29ba10c626f5853854cf"
  integrity sha512-T/9bnEL5xAZRDbQoEMf+pM9nrhK+C3JyZNmqiWub26EQorW7Jt+jR54gpqDhceA4Nj0YctPQwYnl8xa52/A26A==
  dependencies:
    wasmbuilder "0.0.16"
    wasmcurves "0.2.2"
    web-worker "^1.2.0"

graceful-fs@^4.2.11:
  version "4.2.11"
  resolved "https://registry.yarnpkg.com/graceful-fs/-/graceful-fs-4.2.11.tgz#4183e4e8bf08bb6e05bbb2f7d2e0c8f712ca40e3"
  integrity sha512-RbJ5/jmFcNNCcDV5o9eTnBLJ/HszWV0P73bc+Ff4nS/rJj+YaS6IGyiOL0VoBYX+l1Wrl3k63h/KrH+nhJ0XvQ==

js-sha3@0.8.0:
  version "0.8.0"
  resolved "https://registry.yarnpkg.com/js-sha3/-/js-sha3-0.8.0.tgz#b9b7a5da73afad7dedd0f8c463954cbde6818840"
  integrity sha512-gF1cRrHhIzNfToc802P800N8PpXS+evLLXfsVpowqmAFR9uwbi89WvXg2QspOmXL8QL86J4T1EpFu+yUkwJY3Q==

js-sha512@^0.8.0:
  version "0.8.0"
  resolved "https://registry.yarnpkg.com/js-sha512/-/js-sha512-0.8.0.tgz#dd22db8d02756faccf19f218e3ed61ec8249f7d4"
  integrity sha512-PWsmefG6Jkodqt+ePTvBZCSMFgN7Clckjd0O7su3I0+BW2QWUTJNzjktHsztGLhncP2h8mcF9V9Y2Ha59pAViQ==

"js-tokens@^3.0.0 || ^4.0.0":
  version "4.0.0"
  resolved "https://registry.yarnpkg.com/js-tokens/-/js-tokens-4.0.0.tgz#19203fb59991df98e3a287050d4647cdeaf32499"
  integrity sha512-RdJUflcE3cUzKiMqQgsCu06FPu9UdIJO0beYbPhHN4k6apgJtifcoCtT9bcxOpYBtpD2kCM6Sbzg4CausW/PKQ==

loose-envify@^1.1.0:
  version "1.4.0"
  resolved "https://registry.yarnpkg.com/loose-envify/-/loose-envify-1.4.0.tgz#71ee51fa7be4caec1a63839f7e682d8132d30caf"
  integrity sha512-lyuxPGr/Wfhrlem2CL/UcnUc1zcqKAImBDzukY7Y5F/yQiNdko6+fRLevlw1HgMySw7f611UIY408EtxRSoK3Q==
  dependencies:
    js-tokens "^3.0.0 || ^4.0.0"

nanoid@^3.3.6:
  version "3.3.7"
  resolved "https://registry.yarnpkg.com/nanoid/-/nanoid-3.3.7.tgz#d0c301a691bc8d54efa0a2226ccf3fe2fd656bd8"
  integrity sha512-eSRppjcPIatRIMC1U6UngP8XFcz8MQWGQdt1MTBQ7NaAmvXDfvNxbvWV3x2y6CdEUciCSsDHDQZbhYaB8QEo2g==

next@14.1.0:
  version "14.1.0"
  resolved "https://registry.yarnpkg.com/next/-/next-14.1.0.tgz#b31c0261ff9caa6b4a17c5af019ed77387174b69"
  integrity sha512-wlzrsbfeSU48YQBjZhDzOwhWhGsy+uQycR8bHAOt1LY1bn3zZEcDyHQOEoN3aWzQ8LHCAJ1nqrWCc9XF2+O45Q==
  dependencies:
    "@next/env" "14.1.0"
    "@swc/helpers" "0.5.2"
    busboy "1.6.0"
    caniuse-lite "^1.0.30001579"
    graceful-fs "^4.2.11"
    postcss "8.4.31"
    styled-jsx "5.1.1"
  optionalDependencies:
    "@next/swc-darwin-arm64" "14.1.0"
    "@next/swc-darwin-x64" "14.1.0"
    "@next/swc-linux-arm64-gnu" "14.1.0"
    "@next/swc-linux-arm64-musl" "14.1.0"
    "@next/swc-linux-x64-gnu" "14.1.0"
    "@next/swc-linux-x64-musl" "14.1.0"
    "@next/swc-win32-arm64-msvc" "14.1.0"
    "@next/swc-win32-ia32-msvc" "14.1.0"
    "@next/swc-win32-x64-msvc" "14.1.0"

picocolors@^1.0.0:
  version "1.0.0"
  resolved "https://registry.yarnpkg.com/picocolors/-/picocolors-1.0.0.tgz#cb5bdc74ff3f51892236eaf79d68bc44564ab81c"
  integrity sha512-1fygroTLlHu66zi26VoTDv8yRgm0Fccecssto+MhsZ0D/DGW2sm8E8AjW7NU5VVTRt5GxbeZ5qBuJr+HyLYkjQ==

postcss@8.4.31:
  version "8.4.31"
  resolved "https://registry.yarnpkg.com/postcss/-/postcss-8.4.31.tgz#92b451050a9f914da6755af352bdc0192508656d"
  integrity sha512-PS08Iboia9mts/2ygV3eLpY5ghnUcfLV/EXTOW1E2qYxJKGGBUtNjN76FYHnMs36RmARn41bC0AZmn+rR0OVpQ==
  dependencies:
    nanoid "^3.3.6"
    picocolors "^1.0.0"
    source-map-js "^1.0.2"

react-dom@^18:
  version "18.2.0"
  resolved "https://registry.yarnpkg.com/react-dom/-/react-dom-18.2.0.tgz#22aaf38708db2674ed9ada224ca4aa708d821e3d"
  integrity sha512-6IMTriUmvsjHUjNtEDudZfuDQUoWXVxKHhlEGSk81n4YFS+r/Kl99wXiwlVXtPBtJenozv2P+hxDsw9eA7Xo6g==
  dependencies:
    loose-envify "^1.1.0"
    scheduler "^0.23.0"

react@^18:
  version "18.2.0"
  resolved "https://registry.yarnpkg.com/react/-/react-18.2.0.tgz#555bd98592883255fa00de14f1151a917b5d77d5"
  integrity sha512-/3IjMdb2L9QbBdWiW5e3P2/npwMBaU9mHCSCUzNln0ZCYbcfTsGbTJrU/kGemdH2IWmB2ioZ+zkxtmq6g09fGQ==
  dependencies:
    loose-envify "^1.1.0"

scheduler@^0.23.0:
  version "0.23.0"
  resolved "https://registry.yarnpkg.com/scheduler/-/scheduler-0.23.0.tgz#ba8041afc3d30eb206a487b6b384002e4e61fdfe"
  integrity sha512-CtuThmgHNg7zIZWAXi3AsyIzA3n4xx7aNyjwC2VJldO2LMVDhFK+63xGqq6CsJH4rTAt6/M+N4GhZiDYPx9eUw==
  dependencies:
    loose-envify "^1.1.0"

source-map-js@^1.0.2:
  version "1.0.2"
  resolved "https://registry.yarnpkg.com/source-map-js/-/source-map-js-1.0.2.tgz#adbc361d9c62df380125e7f161f71c826f1e490c"
  integrity sha512-R0XvVJ9WusLiqTCEiGCmICCMplcCkIwwR11mOSD9CR5u+IXYdiseeEuXCVAjS54zqwkLcPNnmU4OeJ6tUrWhDw==

streamsearch@^1.1.0:
  version "1.1.0"
  resolved "https://registry.yarnpkg.com/streamsearch/-/streamsearch-1.1.0.tgz#404dd1e2247ca94af554e841a8ef0eaa238da764"
  integrity sha512-Mcc5wHehp9aXz1ax6bZUyY5afg9u2rv5cqQI3mRrYkGC8rW2hM02jWuwjtL++LS5qinSyhj2QfLyNsuc+VsExg==

styled-jsx@5.1.1:
  version "5.1.1"
  resolved "https://registry.yarnpkg.com/styled-jsx/-/styled-jsx-5.1.1.tgz#839a1c3aaacc4e735fed0781b8619ea5d0009d1f"
  integrity sha512-pW7uC1l4mBZ8ugbiZrcIsiIvVx1UmTfw7UkC3Um2tmfUq9Bhk8IiyEIPl6F8agHgjzku6j0xQEZbfA5uSgSaCw==
  dependencies:
    client-only "0.0.1"

tslib@2.4.0:
  version "2.4.0"
  resolved "https://registry.yarnpkg.com/tslib/-/tslib-2.4.0.tgz#7cecaa7f073ce680a05847aa77be941098f36dc3"
  integrity sha512-d6xOpEDfsi2CZVlPQzGeux8XMwLT9hssAsaPYExaQMuYskwb+x1x7J371tWlbBdWHroy99KnVB6qIkUbs5X3UQ==

tslib@^2.4.0:
  version "2.6.2"
  resolved "https://registry.yarnpkg.com/tslib/-/tslib-2.6.2.tgz#703ac29425e7b37cd6fd456e92404d46d1f3e4ae"
  integrity sha512-AEYxH93jGFPn/a2iVAwW87VuUIkR1FVUKB77NwMF7nBTDkDrrT/Hpt/IrCJ0QXhW27jTBDcf5ZY7w6RiqTMw2Q==

wasmbuilder@0.0.16:
  version "0.0.16"
  resolved "https://registry.yarnpkg.com/wasmbuilder/-/wasmbuilder-0.0.16.tgz#f34c1f2c047d2f6e1065cbfec5603988f16d8549"
  integrity sha512-Qx3lEFqaVvp1cEYW7Bfi+ebRJrOiwz2Ieu7ZG2l7YyeSJIok/reEQCQCuicj/Y32ITIJuGIM9xZQppGx5LrQdA==

wasmcurves@0.2.2:
  version "0.2.2"
  resolved "https://registry.yarnpkg.com/wasmcurves/-/wasmcurves-0.2.2.tgz#ca444f6a6f6e2a5cbe6629d98ff478a62b4ccb2b"
  integrity sha512-JRY908NkmKjFl4ytnTu5ED6AwPD+8VJ9oc94kdq7h5bIwbj0L4TDJ69mG+2aLs2SoCmGfqIesMWTEJjtYsoQXQ==
  dependencies:
    wasmbuilder "0.0.16"

web-worker@^1.2.0:
  version "1.3.0"
  resolved "https://registry.yarnpkg.com/web-worker/-/web-worker-1.3.0.tgz#e5f2df5c7fe356755a5fb8f8410d4312627e6776"
  integrity sha512-BSR9wyRsy/KOValMgd5kMyr3JzpdeoR9KVId8u5GVlTTAtNChlsE4yTxeY7zMdNSyOmoKBv8NH2qeRY9Tg+IaA==

ws@8.5.0:
  version "8.5.0"
  resolved "https://registry.yarnpkg.com/ws/-/ws-8.5.0.tgz#bfb4be96600757fe5382de12c670dab984a1ed4f"
  integrity sha512-BWX0SWVgLPzYwF8lTzEy1egjhS4S4OEAHfsO8o65WOVsrnSRGaSiUaa9e0ggGlkMTtBlmOpEXiie9RUcBO86qg==
